
Microsoft Visual Studio Solution File, Format Version 12.00
# Visual Studio Version 17
VisualStudioVersion = 17.14.36221.1
MinimumVisualStudioVersion = 10.0.40219.1
Project("{2150E333-8FDC-42A3-9474-1A3956D46DE8}") = "Api", "Api", "{02EA681E-C7D8-13C7-8484-4AC65E1B71E8}"
EndProject
Project("{2150E333-8FDC-42A3-9474-1A3956D46DE8}") = "Application", "Application", "{8FE3943B-BBE3-4B3B-BE35-8A229F72CD41}"
EndProject
Project("{2150E333-8FDC-42A3-9474-1A3956D46DE8}") = "Infrastructure", "Infrastructure", "{287AAE00-2F95-4207-B535-7BF6E0B999A1}"
EndProject
Project("{2150E333-8FDC-42A3-9474-1A3956D46DE8}") = "Shared", "Shared", "{118F368E-DBEB-461F-A8ED-A62BFFAC8252}"
EndProject
Project("{FAE04EC0-301F-11D3-BF4B-00C04F79EFBC}") = "Api", "Api\Api.csproj", "{DB58CB3B-8F41-463D-8CBE-1F0989AEBDC3}"
EndProject
Project("{FAE04EC0-301F-11D3-BF4B-00C04F79EFBC}") = "Application", "Application\Application.csproj", "{6B9C10BE-4EA5-4F06-98C8-7676753E8A01}"
EndProject
Project("{FAE04EC0-301F-11D3-BF4B-00C04F79EFBC}") = "Infrastructure", "Infrastructure\Infrastructure.csproj", "{BDA90CF2-B052-42A1-A9CE-CF85038CAFFF}"
EndProject
Project("{FAE04EC0-301F-11D3-BF4B-00C04F79EFBC}") = "Shared", "Shared\Shared.csproj", "{0A970BA4-42A7-474D-AC32-CC5F97220481}"
EndProject
Project("{2150E333-8FDC-42A3-9474-1A3956D46DE8}") = "Elementos de la solución", "Elementos de la solución", "{D107F4C8-89CC-BEA8-D3D7-CA6B7733353D}"
	ProjectSection(SolutionItems) = preProject
		.env = .env
	EndProjectSection
EndProject
Global
	GlobalSection(SolutionConfigurationPlatforms) = preSolution
		Debug|Any CPU = Debug|Any CPU
		Release|Any CPU = Release|Any CPU
	EndGlobalSection
	GlobalSection(ProjectConfigurationPlatforms) = postSolution
		{DB58CB3B-8F41-463D-8CBE-1F0989AEBDC3}.Debug|Any CPU.ActiveCfg = Debug|Any CPU
		{DB58CB3B-8F41-463D-8CBE-1F0989AEBDC3}.Debug|Any CPU.Build.0 = Debug|Any CPU
		{DB58CB3B-8F41-463D-8CBE-1F0989AEBDC3}.Release|Any CPU.ActiveCfg = Release|Any CPU
		{DB58CB3B-8F41-463D-8CBE-1F0989AEBDC3}.Release|Any CPU.Build.0 = Release|Any CPU
		{6B9C10BE-4EA5-4F06-98C8-7676753E8A01}.Debug|Any CPU.ActiveCfg = Debug|Any CPU
		{6B9C10BE-4EA5-4F06-98C8-7676753E8A01}.Debug|Any CPU.Build.0 = Debug|Any CPU
		{6B9C10BE-4EA5-4F06-98C8-7676753E8A01}.Release|Any CPU.ActiveCfg = Release|Any CPU
		{6B9C10BE-4EA5-4F06-98C8-7676753E8A01}.Release|Any CPU.Build.0 = Release|Any CPU
		{BDA90CF2-B052-42A1-A9CE-CF85038CAFFF}.Debug|Any CPU.ActiveCfg = Debug|Any CPU
		{BDA90CF2-B052-42A1-A9CE-CF85038CAFFF}.Debug|Any CPU.Build.0 = Debug|Any CPU
		{BDA90CF2-B052-42A1-A9CE-CF85038CAFFF}.Release|Any CPU.ActiveCfg = Release|Any CPU
		{BDA90CF2-B052-42A1-A9CE-CF85038CAFFF}.Release|Any CPU.Build.0 = Release|Any CPU
		{0A970BA4-42A7-474D-AC32-CC5F97220481}.Debug|Any CPU.ActiveCfg = Debug|Any CPU
		{0A970BA4-42A7-474D-AC32-CC5F97220481}.Debug|Any CPU.Build.0 = Debug|Any CPU
		{0A970BA4-42A7-474D-AC32-CC5F97220481}.Release|Any CPU.ActiveCfg = Release|Any CPU
		{0A970BA4-42A7-474D-AC32-CC5F97220481}.Release|Any CPU.Build.0 = Release|Any CPU
	EndGlobalSection
	GlobalSection(SolutionProperties) = preSolution
		HideSolutionNode = FALSE
	EndGlobalSection
	GlobalSection(NestedProjects) = preSolution
		{DB58CB3B-8F41-463D-8CBE-1F0989AEBDC3} = {02EA681E-C7D8-13C7-8484-4AC65E1B71E8}
		{6B9C10BE-4EA5-4F06-98C8-7676753E8A01} = {8FE3943B-BBE3-4B3B-BE35-8A229F72CD41}
		{BDA90CF2-B052-42A1-A9CE-CF85038CAFFF} = {287AAE00-2F95-4207-B535-7BF6E0B999A1}
		{0A970BA4-42A7-474D-AC32-CC5F97220481} = {118F368E-DBEB-461F-A8ED-A62BFFAC8252}
	EndGlobalSection
	GlobalSection(ExtensibilityGlobals) = postSolution
		SolutionGuid = {57DAB292-9ECE-43EE-B493-C3B89DB41EDA}
	EndGlobalSection
EndGlobal
